// !$*UTF8*$!
{
	archiveVersion = 1;
	classes = {
	};
	objectVersion = 46;
	objects = {

/* Begin PBXBuildFile section */
		BC8B3D841CAE1816003E7A2C /* AppDelegate.swift in Sources */ = {isa = PBXBuildFile; fileRef = BC8B3D831CAE1816003E7A2C /* AppDelegate.swift */; };
		BC8B3D861CAE1816003E7A2C /* ViewController.swift in Sources */ = {isa = PBXBuildFile; fileRef = BC8B3D851CAE1816003E7A2C /* ViewController.swift */; };
		BC8B3D891CAE1816003E7A2C /* Main.storyboard in Resources */ = {isa = PBXBuildFile; fileRef = BC8B3D871CAE1816003E7A2C /* Main.storyboard */; };
		BC8B3D8B1CAE1816003E7A2C /* Assets.xcassets in Resources */ = {isa = PBXBuildFile; fileRef = BC8B3D8A1CAE1816003E7A2C /* Assets.xcassets */; };
		BC8B3D8E1CAE1816003E7A2C /* LaunchScreen.storyboard in Resources */ = {isa = PBXBuildFile; fileRef = BC8B3D8C1CAE1816003E7A2C /* LaunchScreen.storyboard */; };
		BC8B3D991CAE1816003E7A2C /* ____Tests.swift in Sources */ = {isa = PBXBuildFile; fileRef = BC8B3D981CAE1816003E7A2C /* ____Tests.swift */; };
		BC8B3DA41CAE1816003E7A2C /* ____UITests.swift in Sources */ = {isa = PBXBuildFile; fileRef = BC8B3DA31CAE1816003E7A2C /* ____UITests.swift */; };
		BC8B3DB41CAE2811003E7A2C /* SecViewController.swift in Sources */ = {isa = PBXBuildFile; fileRef = BC8B3DB31CAE2811003E7A2C /* SecViewController.swift */; };
		BC8B3DB81CAE474A003E7A2C /* Protrol.swift in Sources */ = {isa = PBXBuildFile; fileRef = BC8B3DB71CAE474A003E7A2C /* Protrol.swift */; };
		BC8B3DBC1CAE4D07003E7A2C /* OC_ViewController.m in Sources */ = {isa = PBXBuildFile; fileRef = BC8B3DBB1CAE4D07003E7A2C /* OC_ViewController.m */; };
		BC8B3DBF1CAE4DBC003E7A2C /* OC_SecController.m in Sources */ = {isa = PBXBuildFile; fileRef = BC8B3DBE1CAE4DBC003E7A2C /* OC_SecController.m */; };
/* End PBXBuildFile section */

/* Begin PBXContainerItemProxy section */
		BC8B3D951CAE1816003E7A2C /* PBXContainerItemProxy */ = {
			isa = PBXContainerItemProxy;
			containerPortal = BC8B3D781CAE1816003E7A2C /* Project object */;
			proxyType = 1;
			remoteGlobalIDString = BC8B3D7F1CAE1816003E7A2C;
			remoteInfo = "协议语法";
		};
		BC8B3DA01CAE1816003E7A2C /* PBXContainerItemProxy */ = {
			isa = PBXContainerItemProxy;
			containerPortal = BC8B3D781CAE1816003E7A2C /* Project object */;
			proxyType = 1;
			remoteGlobalIDString = BC8B3D7F1CAE1816003E7A2C;
			remoteInfo = "协议语法";
		};
/* End PBXContainerItemProxy section */

/* Begin PBXFileReference section */
		BC8B3D801CAE1816003E7A2C /* 协议语法.app */ = {isa = PBXFileReference; explicitFileType = wrapper.application; includeInIndex = 0; path = "协议语法.app"; sourceTree = BUILT_PRODUCTS_DIR; };
		BC8B3D831CAE1816003E7A2C /* AppDelegate.swift */ = {isa = PBXFileReference; lastKnownFileType = sourcecode.swift; path = AppDelegate.swift; sourceTree = "<group>"; };
		BC8B3D851CAE1816003E7A2C /* ViewController.swift */ = {isa = PBXFileReference; lastKnownFileType = sourcecode.swift; path = ViewController.swift; sourceTree = "<group>"; };
		BC8B3D881CAE1816003E7A2C /* Base */ = {isa = PBXFileReference; lastKnownFileType = file.storyboard; name = Base; path = Base.lproj/Main.storyboard; sourceTree = "<group>"; };
		BC8B3D8A1CAE1816003E7A2C /* Assets.xcassets */ = {isa = PBXFileReference; lastKnownFileType = folder.assetcatalog; path = Assets.xcassets; sourceTree = "<group>"; };
		BC8B3D8D1CAE1816003E7A2C /* Base */ = {isa = PBXFileReference; lastKnownFileType = file.storyboard; name = Base; path = Base.lproj/LaunchScreen.storyboard; sourceTree = "<group>"; };
		BC8B3D8F1CAE1816003E7A2C /* Info.plist */ = {isa = PBXFileReference; lastKnownFileType = text.plist.xml; path = Info.plist; sourceTree = "<group>"; };
		BC8B3D941CAE1816003E7A2C /* 协议语法Tests.xctest */ = {isa = PBXFileReference; explicitFileType = wrapper.cfbundle; includeInIndex = 0; path = "协议语法Tests.xctest"; sourceTree = BUILT_PRODUCTS_DIR; };
		BC8B3D981CAE1816003E7A2C /* ____Tests.swift */ = {isa = PBXFileReference; lastKnownFileType = sourcecode.swift; path = "____Tests.swift"; sourceTree = "<group>"; };
		BC8B3D9A1CAE1816003E7A2C /* Info.plist */ = {isa = PBXFileReference; lastKnownFileType = text.plist.xml; path = Info.plist; sourceTree = "<group>"; };
		BC8B3D9F1CAE1816003E7A2C /* 协议语法UITests.xctest */ = {isa = PBXFileReference; explicitFileType = wrapper.cfbundle; includeInIndex = 0; path = "协议语法UITests.xctest"; sourceTree = BUILT_PRODUCTS_DIR; };
		BC8B3DA31CAE1816003E7A2C /* ____UITests.swift */ = {isa = PBXFileReference; lastKnownFileType = sourcecode.swift; path = "____UITests.swift"; sourceTree = "<group>"; };
		BC8B3DA51CAE1816003E7A2C /* Info.plist */ = {isa = PBXFileReference; lastKnownFileType = text.plist.xml; path = Info.plist; sourceTree = "<group>"; };
		BC8B3DB31CAE2811003E7A2C /* SecViewController.swift */ = {isa = PBXFileReference; fileEncoding = 4; lastKnownFileType = sourcecode.swift; path = SecViewController.swift; sourceTree = "<group>"; };
		BC8B3DB71CAE474A003E7A2C /* Protrol.swift */ = {isa = PBXFileReference; fileEncoding = 4; lastKnownFileType = sourcecode.swift; path = Protrol.swift; sourceTree = "<group>"; };
		BC8B3DB91CAE4D06003E7A2C /* 协议语法-Bridging-Header.h */ = {isa = PBXFileReference; lastKnownFileType = sourcecode.c.h; path = "协议语法-Bridging-Header.h"; sourceTree = "<group>"; };
		BC8B3DBA1CAE4D07003E7A2C /* OC_ViewController.h */ = {isa = PBXFileReference; fileEncoding = 4; lastKnownFileType = sourcecode.c.h; path = OC_ViewController.h; sourceTree = "<group>"; };
		BC8B3DBB1CAE4D07003E7A2C /* OC_ViewController.m */ = {isa = PBXFileReference; fileEncoding = 4; lastKnownFileType = sourcecode.c.objc; path = OC_ViewController.m; sourceTree = "<group>"; };
		BC8B3DBD1CAE4DBC003E7A2C /* OC_SecController.h */ = {isa = PBXFileReference; fileEncoding = 4; lastKnownFileType = sourcecode.c.h; path = OC_SecController.h; sourceTree = "<group>"; };
		BC8B3DBE1CAE4DBC003E7A2C /* OC_SecController.m */ = {isa = PBXFileReference; fileEncoding = 4; lastKnownFileType = sourcecode.c.objc; path = OC_SecController.m; sourceTree = "<group>"; };
/* End PBXFileReference section */

/* Begin PBXFrameworksBuildPhase section */
		BC8B3D7D1CAE1816003E7A2C /* Frameworks */ = {
			isa = PBXFrameworksBuildPhase;
			buildActionMask = 2147483647;
			files = (
			);
			runOnlyForDeploymentPostprocessing = 0;
		};
		BC8B3D911CAE1816003E7A2C /* Frameworks */ = {
			isa = PBXFrameworksBuildPhase;
			buildActionMask = 2147483647;
			files = (
			);
			runOnlyForDeploymentPostprocessing = 0;
		};
		BC8B3D9C1CAE1816003E7A2C /* Frameworks */ = {
			isa = PBXFrameworksBuildPhase;
			buildActionMask = 2147483647;
			files = (
			);
			runOnlyForDeploymentPostprocessing = 0;
		};
/* End PBXFrameworksBuildPhase section */

/* Begin PBXGroup section */
		BC8B3D771CAE1816003E7A2C = {
			isa = PBXGroup;
			children = (
				BC8B3D821CAE1816003E7A2C /* 协议语法 */,
				BC8B3D971CAE1816003E7A2C /* 协议语法Tests */,
				BC8B3DA21CAE1816003E7A2C /* 协议语法UITests */,
				BC8B3D811CAE1816003E7A2C /* Products */,
			);
			sourceTree = "<group>";
		};
		BC8B3D811CAE1816003E7A2C /* Products */ = {
			isa = PBXGroup;
			children = (
				BC8B3D801CAE1816003E7A2C /* 协议语法.app */,
				BC8B3D941CAE1816003E7A2C /* 协议语法Tests.xctest */,
				BC8B3D9F1CAE1816003E7A2C /* 协议语法UITests.xctest */,
			);
			name = Products;
			sourceTree = "<group>";
		};
		BC8B3D821CAE1816003E7A2C /* 协议语法 */ = {
			isa = PBXGroup;
			children = (
				BC8B3D831CAE1816003E7A2C /* AppDelegate.swift */,
				BC8B3DBA1CAE4D07003E7A2C /* OC_ViewController.h */,
				BC8B3DBB1CAE4D07003E7A2C /* OC_ViewController.m */,
				BC8B3DBD1CAE4DBC003E7A2C /* OC_SecController.h */,
				BC8B3DBE1CAE4DBC003E7A2C /* OC_SecController.m */,
				BC8B3D851CAE1816003E7A2C /* ViewController.swift */,
				BC8B3DB31CAE2811003E7A2C /* SecViewController.swift */,
				BC8B3D871CAE1816003E7A2C /* Main.storyboard */,
				BC8B3D8A1CAE1816003E7A2C /* Assets.xcassets */,
				BC8B3D8C1CAE1816003E7A2C /* LaunchScreen.storyboard */,
				BC8B3D8F1CAE1816003E7A2C /* Info.plist */,
				BC8B3DB71CAE474A003E7A2C /* Protrol.swift */,
				BC8B3DB91CAE4D06003E7A2C /* 协议语法-Bridging-Header.h */,
			);
			path = "协议语法";
			sourceTree = "<group>";
		};
		BC8B3D971CAE1816003E7A2C /* 协议语法Tests */ = {
			isa = PBXGroup;
			children = (
				BC8B3D981CAE1816003E7A2C /* ____Tests.swift */,
				BC8B3D9A1CAE1816003E7A2C /* Info.plist */,
			);
			path = "协议语法Tests";
			sourceTree = "<group>";
		};
		BC8B3DA21CAE1816003E7A2C /* 协议语法UITests */ = {
			isa = PBXGroup;
			children = (
				BC8B3DA31CAE1816003E7A2C /* ____UITests.swift */,
				BC8B3DA51CAE1816003E7A2C /* Info.plist */,
			);
			path = "协议语法UITests";
			sourceTree = "<group>";
		};
/* End PBXGroup section */

/* Begin PBXNativeTarget section */
		BC8B3D7F1CAE1816003E7A2C /* 协议语法 */ = {
			isa = PBXNativeTarget;
			buildConfigurationList = BC8B3DA81CAE1816003E7A2C /* Build configuration list for PBXNativeTarget "协议语法" */;
			buildPhases = (
				BC8B3D7C1CAE1816003E7A2C /* Sources */,
				BC8B3D7D1CAE1816003E7A2C /* Frameworks */,
				BC8B3D7E1CAE1816003E7A2C /* Resources */,
			);
			buildRules = (
			);
			dependencies = (
			);
			name = "协议语法";
			productName = "协议语法";
			productReference = BC8B3D801CAE1816003E7A2C /* 协议语法.app */;
			productType = "com.apple.product-type.application";
		};
		BC8B3D931CAE1816003E7A2C /* 协议语法Tests */ = {
			isa = PBXNativeTarget;
			buildConfigurationList = BC8B3DAB1CAE1816003E7A2C /* Build configuration list for PBXNativeTarget "协议语法Tests" */;
			buildPhases = (
				BC8B3D901CAE1816003E7A2C /* Sources */,
				BC8B3D911CAE1816003E7A2C /* Frameworks */,
				BC8B3D921CAE1816003E7A2C /* Resources */,
			);
			buildRules = (
			);
			dependencies = (
				BC8B3D961CAE1816003E7A2C /* PBXTargetDependency */,
			);
			name = "协议语法Tests";
			productName = "协议语法Tests";
			productReference = BC8B3D941CAE1816003E7A2C /* 协议语法Tests.xctest */;
			productType = "com.apple.product-type.bundle.unit-test";
		};
		BC8B3D9E1CAE1816003E7A2C /* 协议语法UITests */ = {
			isa = PBXNativeTarget;
			buildConfigurationList = BC8B3DAE1CAE1816003E7A2C /* Build configuration list for PBXNativeTarget "协议语法UITests" */;
			buildPhases = (
				BC8B3D9B1CAE1816003E7A2C /* Sources */,
				BC8B3D9C1CAE1816003E7A2C /* Frameworks */,
				BC8B3D9D1CAE1816003E7A2C /* Resources */,
			);
			buildRules = (
			);
			dependencies = (
				BC8B3DA11CAE1816003E7A2C /* PBXTargetDependency */,
			);
			name = "协议语法UITests";
			productName = "协议语法UITests";
			productReference = BC8B3D9F1CAE1816003E7A2C /* 协议语法UITests.xctest */;
			productType = "com.apple.product-type.bundle.ui-testing";
		};
/* End PBXNativeTarget section */

/* Begin PBXProject section */
		BC8B3D781CAE1816003E7A2C /* Project object */ = {
			isa = PBXProject;
			attributes = {
				LastSwiftUpdateCheck = 0720;
				LastUpgradeCheck = 0720;
				ORGANIZATIONNAME = Xsummerybc;
				TargetAttributes = {
					BC8B3D7F1CAE1816003E7A2C = {
						CreatedOnToolsVersion = 7.2.1;
					};
					BC8B3D931CAE1816003E7A2C = {
						CreatedOnToolsVersion = 7.2.1;
						TestTargetID = BC8B3D7F1CAE1816003E7A2C;
					};
					BC8B3D9E1CAE1816003E7A2C = {
						CreatedOnToolsVersion = 7.2.1;
						TestTargetID = BC8B3D7F1CAE1816003E7A2C;
					};
				};
			};
			buildConfigurationList = BC8B3D7B1CAE1816003E7A2C /* Build configuration list for PBXProject "协议语法" */;
			compatibilityVersion = "Xcode 3.2";
			developmentRegion = English;
			hasScannedForEncodings = 0;
			knownRegions = (
				en,
				Base,
			);
			mainGroup = BC8B3D771CAE1816003E7A2C;
			productRefGroup = BC8B3D811CAE1816003E7A2C /* Products */;
			projectDirPath = "";
			projectRoot = "";
			targets = (
				BC8B3D7F1CAE1816003E7A2C /* 协议语法 */,
				BC8B3D931CAE1816003E7A2C /* 协议语法Tests */,
				BC8B3D9E1CAE1816003E7A2C /* 协议语法UITests */,
			);
		};
/* End PBXProject section */

/* Begin PBXResourcesBuildPhase section */
		BC8B3D7E1CAE1816003E7A2C /* Resources */ = {
			isa = PBXResourcesBuildPhase;
			buildActionMask = 2147483647;
			files = (
				BC8B3D8E1CAE1816003E7A2C /* LaunchScreen.storyboard in Resources */,
				BC8B3D8B1CAE1816003E7A2C /* Assets.xcassets in Resources */,
				BC8B3D891CAE1816003E7A2C /* Main.storyboard in Resources */,
			);
			runOnlyForDeploymentPostprocessing = 0;
		};
		BC8B3D921CAE1816003E7A2C /* Resources */ = {
			isa = PBXResourcesBuildPhase;
			buildActionMask = 2147483647;
			files = (
			);
			runOnlyForDeploymentPostprocessing = 0;
		};
		BC8B3D9D1CAE1816003E7A2C /* Resources */ = {
			isa = PBXResourcesBuildPhase;
			buildActionMask = 2147483647;
			files = (
			);
			runOnlyForDeploymentPostprocessing = 0;
		};
/* End PBXResourcesBuildPhase section */

/* Begin PBXSourcesBuildPhase section */
		BC8B3D7C1CAE1816003E7A2C /* Sources */ = {
			isa = PBXSourcesBuildPhase;
			buildActionMask = 2147483647;
			files = (
				BC8B3D861CAE1816003E7A2C /* ViewController.swift in Sources */,
				BC8B3D841CAE1816003E7A2C /* AppDelegate.swift in Sources */,
				BC8B3DB81CAE474A003E7A2C /* Protrol.swift in Sources */,
				BC8B3DBF1CAE4DBC003E7A2C /* OC_SecController.m in Sources */,
				BC8B3DB41CAE2811003E7A2C /* SecViewController.swift in Sources */,
				BC8B3DBC1CAE4D07003E7A2C /* OC_ViewController.m in Sources */,
			);
			runOnlyForDeploymentPostprocessing = 0;
		};
		BC8B3D901CAE1816003E7A2C /* Sources */ = {
			isa = PBXSourcesBuildPhase;
			buildActionMask = 2147483647;
			files = (
				BC8B3D991CAE1816003E7A2C /* ____Tests.swift in Sources */,
			);
			runOnlyForDeploymentPostprocessing = 0;
		};
		BC8B3D9B1CAE1816003E7A2C /* Sources */ = {
			isa = PBXSourcesBuildPhase;
			buildActionMask = 2147483647;
			files = (
				BC8B3DA41CAE1816003E7A2C /* ____UITests.swift in Sources */,
			);
			runOnlyForDeploymentPostprocessing = 0;
		};
/* End PBXSourcesBuildPhase section */

/* Begin PBXTargetDependency section */
		BC8B3D961CAE1816003E7A2C /* PBXTargetDependency */ = {
			isa = PBXTargetDependency;
			target = BC8B3D7F1CAE1816003E7A2C /* 协议语法 */;
			targetProxy = BC8B3D951CAE1816003E7A2C /* PBXContainerItemProxy */;
		};
		BC8B3DA11CAE1816003E7A2C /* PBXTargetDependency */ = {
			isa = PBXTargetDependency;
			target = BC8B3D7F1CAE1816003E7A2C /* 协议语法 */;
			targetProxy = BC8B3DA01CAE1816003E7A2C /* PBXContainerItemProxy */;
		};
/* End PBXTargetDependency section */

/* Begin PBXVariantGroup section */
		BC8B3D871CAE1816003E7A2C /* Main.storyboard */ = {
			isa = PBXVariantGroup;
			children = (
				BC8B3D881CAE1816003E7A2C /* Base */,
			);
			name = Main.storyboard;
			sourceTree = "<group>";
		};
		BC8B3D8C1CAE1816003E7A2C /* LaunchScreen.storyboard */ = {
			isa = PBXVariantGroup;
			children = (
				BC8B3D8D1CAE1816003E7A2C /* Base */,
			);
			name = LaunchScreen.storyboard;
			sourceTree = "<group>";
		};
/* End PBXVariantGroup section */

/* Begin XCBuildConfiguration section */
		BC8B3DA61CAE1816003E7A2C /* Debug */ = {
			isa = XCBuildConfiguration;
			buildSettings = {
				ALWAYS_SEARCH_USER_PATHS = NO;
				CLANG_CXX_LANGUAGE_STANDARD = "gnu++0x";
				CLANG_CXX_LIBRARY = "libc++";
				CLANG_ENABLE_MODULES = YES;
				CLANG_ENABLE_OBJC_ARC = YES;
				CLANG_WARN_BOOL_CONVERSION = YES;
				CLANG_WARN_CONSTANT_CONVERSION = YES;
				CLANG_WARN_DIRECT_OBJC_ISA_USAGE = YES_ERROR;
				CLANG_WARN_EMPTY_BODY = YES;
				CLANG_WARN_ENUM_CONVERSION = YES;
				CLANG_WARN_INT_CONVERSION = YES;
				CLANG_WARN_OBJC_ROOT_CLASS = YES_ERROR;
				CLANG_WARN_UNREACHABLE_CODE = YES;
				CLANG_WARN__DUPLICATE_METHOD_MATCH = YES;
				"CODE_SIGN_IDENTITY[sdk=iphoneos*]" = "iPhone Developer";
				COPY_PHASE_STRIP = NO;
				DEBUG_INFORMATION_FORMAT = dwarf;
				ENABLE_STRICT_OBJC_MSGSEND = YES;
				ENABLE_TESTABILITY = YES;
				GCC_C_LANGUAGE_STANDARD = gnu99;
				GCC_DYNAMIC_NO_PIC = NO;
				GCC_NO_COMMON_BLOCKS = YES;
				GCC_OPTIMIZATION_LEVEL = 0;
				GCC_PREPROCESSOR_DEFINITIONS = (
					"DEBUG=1",
					"$(inherited)",
				);
				GCC_WARN_64_TO_32_BIT_CONVERSION = YES;
				GCC_WARN_ABOUT_RETURN_TYPE = YES_ERROR;
				GCC_WARN_UNDECLARED_SELECTOR = YES;
				GCC_WARN_UNINITIALIZED_AUTOS = YES_AGGRESSIVE;
				GCC_WARN_UNUSED_FUNCTION = YES;
				GCC_WARN_UNUSED_VARIABLE = YES;
				IPHONEOS_DEPLOYMENT_TARGET = 9.2;
				MTL_ENABLE_DEBUG_INFO = YES;
				ONLY_ACTIVE_ARCH = YES;
				SDKROOT = iphoneos;
				SWIFT_OPTIMIZATION_LEVEL = "-Onone";
				TARGETED_DEVICE_FAMILY = "1,2";
			};
			name = Debug;
		};
		BC8B3DA71CAE1816003E7A2C /* Release */ = {
			isa = XCBuildConfiguration;
			buildSettings = {
				ALWAYS_SEARCH_USER_PATHS = NO;
				CLANG_CXX_LANGUAGE_STANDARD = "gnu++0x";
				CLANG_CXX_LIBRARY = "libc++";
				CLANG_ENABLE_MODULES = YES;
				CLANG_ENABLE_OBJC_ARC = YES;
				CLANG_WARN_BOOL_CONVERSION = YES;
				CLANG_WARN_CONSTANT_CONVERSION = YES;
				CLANG_WARN_DIRECT_OBJC_ISA_USAGE = YES_ERROR;
				CLANG_WARN_EMPTY_BODY = YES;
				CLANG_WARN_ENUM_CONVERSION = YES;
				CLANG_WARN_INT_CONVERSION = YES;
				CLANG_WARN_OBJC_ROOT_CLASS = YES_ERROR;
				CLANG_WARN_UNREACHABLE_CODE = YES;
				CLANG_WARN__DUPLICATE_METHOD_MATCH = YES;
				"CODE_SIGN_IDENTITY[sdk=iphoneos*]" = "iPhone Developer";
				COPY_PHASE_STRIP = NO;
				DEBUG_INFORMATION_FORMAT = "dwarf-with-dsym";
				ENABLE_NS_ASSERTIONS = NO;
				ENABLE_STRICT_OBJC_MSGSEND = YES;
				GCC_C_LANGUAGE_STANDARD = gnu99;
				GCC_NO_COMMON_BLOCKS = YES;
				GCC_WARN_64_TO_32_BIT_CONVERSION = YES;
				GCC_WARN_ABOUT_RETURN_TYPE = YES_ERROR;
				GCC_WARN_UNDECLARED_SELECTOR = YES;
				GCC_WARN_UNINITIALIZED_AUTOS = YES_AGGRESSIVE;
				GCC_WARN_UNUSED_FUNCTION = YES;
				GCC_WARN_UNUSED_VARIABLE = YES;
				IPHONEOS_DEPLOYMENT_TARGET = 9.2;
				MTL_ENABLE_DEBUG_INFO = NO;
				SDKROOT = iphoneos;
				TARGETED_DEVICE_FAMILY = "1,2";
				VALIDATE_PRODUCT = YES;
			};
			name = Release;
		};
		BC8B3DA91CAE1816003E7A2C /* Debug */ = {
			isa = XCBuildConfiguration;
			buildSettings = {
				ASSETCATALOG_COMPILER_APPICON_NAME = AppIcon;
				CLANG_ENABLE_MODULES = YES;
				INFOPLIST_FILE = "协议语法/Info.plist";
				IPHONEOS_DEPLOYMENT_TARGET = 8.3;
				LD_RUNPATH_SEARCH_PATHS = "$(inherited) @executable_path/Frameworks";
				PRODUCT_BUNDLE_IDENTIFIER = "-7K--.----";
				PRODUCT_NAME = "$(TARGET_NAME)";
				SWIFT_OBJC_BRIDGING_HEADER = "协议语法/协议语法-Bridging-Header.h";
				SWIFT_OPTIMIZATION_LEVEL = "-Onone";
			};
			name = Debug;
		};
		BC8B3DAA1CAE1816003E7A2C /* Release */ = {
			isa = XCBuildConfiguration;
			buildSettings = {
				ASSETCATALOG_COMPILER_APPICON_NAME = AppIcon;
				CLANG_ENABLE_MODULES = YES;
				INFOPLIST_FILE = "协议语法/Info.plist";
				IPHONEOS_DEPLOYMENT_TARGET = 8.3;
				LD_RUNPATH_SEARCH_PATHS = "$(inherited) @executable_path/Frameworks";
				PRODUCT_BUNDLE_IDENTIFIER = "-7K--.----";
				PRODUCT_NAME = "$(TARGET_NAME)";
				SWIFT_OBJC_BRIDGING_HEADER = "协议语法/协议语法-Bridging-Header.h";
			};
			name = Release;
		};
		BC8B3DAC1CAE1816003E7A2C /* Debug */ = {
			isa = XCBuildConfiguration;
			buildSettings = {
				BUNDLE_LOADER = "$(TEST_HOST)";
				INFOPLIST_FILE = "协议语法Tests/Info.plist";
				LD_RUNPATH_SEARCH_PATHS = "$(inherited) @executable_path/Frameworks @loader_path/Frameworks";
				PRODUCT_BUNDLE_IDENTIFIER = "-7K--.----Tests";
				PRODUCT_NAME = "$(TARGET_NAME)";
				TEST_HOST = "$(BUILT_PRODUCTS_DIR)/协议语法.app/协议语法";
			};
			name = Debug;
		};
		BC8B3DAD1CAE1816003E7A2C /* Release */ = {
			isa = XCBuildConfiguration;
			buildSettings = {
				BUNDLE_LOADER = "$(TEST_HOST)";
				INFOPLIST_FILE = "协议语法Tests/Info.plist";
				LD_RUNPATH_SEARCH_PATHS = "$(inherited) @executable_path/Frameworks @loader_path/Frameworks";
				PRODUCT_BUNDLE_IDENTIFIER = "-7K--.----Tests";
				PRODUCT_NAME = "$(TARGET_NAME)";
				TEST_HOST = "$(BUILT_PRODUCTS_DIR)/协议语法.app/协议语法";
			};
			name = Release;
		};
		BC8B3DAF1CAE1816003E7A2C /* Debug */ = {
			isa = XCBuildConfiguration;
			buildSettings = {
				INFOPLIST_FILE = "协议语法UITests/Info.plist";
				LD_RUNPATH_SEARCH_PATHS = "$(inherited) @executable_path/Frameworks @loader_path/Frameworks";
				PRODUCT_BUNDLE_IDENTIFIER = "-7K--.----UITests";
				PRODUCT_NAME = "$(TARGET_NAME)";
				TEST_TARGET_NAME = "协议语法";
				USES_XCTRUNNER = YES;
			};
			name = Debug;
		};
		BC8B3DB01CAE1816003E7A2C /* Release */ = {
			isa = XCBuildConfiguration;
			buildSettings = {
				INFOPLIST_FILE = "协议语法UITests/Info.plist";
				LD_RUNPATH_SEARCH_PATHS = "$(inherited) @executable_path/Frameworks @loader_path/Frameworks";
				PRODUCT_BUNDLE_IDENTIFIER = "-7K--.----UITests";
				PRODUCT_NAME = "$(TARGET_NAME)";
				TEST_TARGET_NAME = "协议语法";
				USES_XCTRUNNER = YES;
			};
			name = Release;
		};
/* End XCBuildConfiguration section */

/* Begin XCConfigurationList section */
		BC8B3D7B1CAE1816003E7A2C /* Build configuration list for PBXProject "协议语法" */ = {
			isa = XCConfigurationList;
			buildConfigurations = (
				BC8B3DA61CAE1816003E7A2C /* Debug */,
				BC8B3DA71CAE1816003E7A2C /* Release */,
			);
			defaultConfigurationIsVisible = 0;
			defaultConfigurationName = Release;
		};
		BC8B3DA81CAE1816003E7A2C /* Build configuration list for PBXNativeTarget "协议语法" */ = {
			isa = XCConfigurationList;
			buildConfigurations = (
				BC8B3DA91CAE1816003E7A2C /* Debug */,
				BC8B3DAA1CAE1816003E7A2C /* Release */,
			);
			defaultConfigurationIsVisible = 0;
		};
		BC8B3DAB1CAE1816003E7A2C /* Build configuration list for PBXNativeTarget "协议语法Tests" */ = {
			isa = XCConfigurationList;
			buildConfigurations = (
				BC8B3DAC1CAE1816003E7A2C /* Debug */,
				BC8B3DAD1CAE1816003E7A2C /* Release */,
			);
			defaultConfigurationIsVisible = 0;
		};
		BC8B3DAE1CAE1816003E7A2C /* Build configuration list for PBXNativeTarget "协议语法UITests" */ = {
			isa = XCConfigurationList;
			buildConfigurations = (
				BC8B3DAF1CAE1816003E7A2C /* Debug */,
				BC8B3DB01CAE1816003E7A2C /* Release */,
			);
			defaultConfigurationIsVisible = 0;
		};
/* End XCConfigurationList section */
	};
	rootObject = BC8B3D781CAE1816003E7A2C /* Project object */;
}
